// !$*UTF8*$!
{
	archiveVersion = 1;
	classes = {
	};
	objectVersion = 46;
	objects = {

/* Begin PBXBuildFile section */
		5EA74B031D57789A00D4FAB0 /* main.m in Sources */ = {isa = PBXBuildFile; fileRef = 5EA74B021D57789A00D4FAB0 /* main.m */; };
		5EA74B061D57789A00D4FAB0 /* AppDelegate.m in Sources */ = {isa = PBXBuildFile; fileRef = 5EA74B051D57789A00D4FAB0 /* AppDelegate.m */; };
		5EA74B091D57789A00D4FAB0 /* ViewController.m in Sources */ = {isa = PBXBuildFile; fileRef = 5EA74B081D57789A00D4FAB0 /* ViewController.m */; };
		5EA74B0C1D57789A00D4FAB0 /* Main.storyboard in Resources */ = {isa = PBXBuildFile; fileRef = 5EA74B0A1D57789A00D4FAB0 /* Main.storyboard */; };
		5EA74B0E1D57789A00D4FAB0 /* Assets.xcassets in Resources */ = {isa = PBXBuildFile; fileRef = 5EA74B0D1D57789A00D4FAB0 /* Assets.xcassets */; };
		5EA74B111D57789A00D4FAB0 /* LaunchScreen.storyboard in Resources */ = {isa = PBXBuildFile; fileRef = 5EA74B0F1D57789A00D4FAB0 /* LaunchScreen.storyboard */; };
		5EA74B1C1D57789A00D4FAB0 /* videoRecordingTests.m in Sources */ = {isa = PBXBuildFile; fileRef = 5EA74B1B1D57789A00D4FAB0 /* videoRecordingTests.m */; };
		5EA74B271D57789A00D4FAB0 /* videoRecordingUITests.m in Sources */ = {isa = PBXBuildFile; fileRef = 5EA74B261D57789A00D4FAB0 /* videoRecordingUITests.m */; };
/* End PBXBuildFile section */

/* Begin PBXContainerItemProxy section */
		5EA74B181D57789A00D4FAB0 /* PBXContainerItemProxy */ = {
			isa = PBXContainerItemProxy;
			containerPortal = 5EA74AF61D57789900D4FAB0 /* Project object */;
			proxyType = 1;
			remoteGlobalIDString = 5EA74AFD1D57789900D4FAB0;
			remoteInfo = videoRecording;
		};
		5EA74B231D57789A00D4FAB0 /* PBXContainerItemProxy */ = {
			isa = PBXContainerItemProxy;
			containerPortal = 5EA74AF61D57789900D4FAB0 /* Project object */;
			proxyType = 1;
			remoteGlobalIDString = 5EA74AFD1D57789900D4FAB0;
			remoteInfo = videoRecording;
		};
/* End PBXContainerItemProxy section */

/* Begin PBXFileReference section */
		5EA74AFE1D57789900D4FAB0 /* videoRecording.app */ = {isa = PBXFileReference; explicitFileType = wrapper.application; includeInIndex = 0; path = videoRecording.app; sourceTree = BUILT_PRODUCTS_DIR; };
		5EA74B021D57789A00D4FAB0 /* main.m */ = {isa = PBXFileReference; lastKnownFileType = sourcecode.c.objc; path = main.m; sourceTree = "<group>"; };
		5EA74B041D57789A00D4FAB0 /* AppDelegate.h */ = {isa = PBXFileReference; lastKnownFileType = sourcecode.c.h; path = AppDelegate.h; sourceTree = "<group>"; };
		5EA74B051D57789A00D4FAB0 /* AppDelegate.m */ = {isa = PBXFileReference; lastKnownFileType = sourcecode.c.objc; path = AppDelegate.m; sourceTree = "<group>"; };
		5EA74B071D57789A00D4FAB0 /* ViewController.h */ = {isa = PBXFileReference; lastKnownFileType = sourcecode.c.h; path = ViewController.h; sourceTree = "<group>"; };
		5EA74B081D57789A00D4FAB0 /* ViewController.m */ = {isa = PBXFileReference; lastKnownFileType = sourcecode.c.objc; path = ViewController.m; sourceTree = "<group>"; };
		5EA74B0B1D57789A00D4FAB0 /* Base */ = {isa = PBXFileReference; lastKnownFileType = file.storyboard; name = Base; path = Base.lproj/Main.storyboard; sourceTree = "<group>"; };
		5EA74B0D1D57789A00D4FAB0 /* Assets.xcassets */ = {isa = PBXFileReference; lastKnownFileType = folder.assetcatalog; path = Assets.xcassets; sourceTree = "<group>"; };
		5EA74B101D57789A00D4FAB0 /* Base */ = {isa = PBXFileReference; lastKnownFileType = file.storyboard; name = Base; path = Base.lproj/LaunchScreen.storyboard; sourceTree = "<group>"; };
		5EA74B121D57789A00D4FAB0 /* Info.plist */ = {isa = PBXFileReference; lastKnownFileType = text.plist.xml; path = Info.plist; sourceTree = "<group>"; };
		5EA74B171D57789A00D4FAB0 /* videoRecordingTests.xctest */ = {isa = PBXFileReference; explicitFileType = wrapper.cfbundle; includeInIndex = 0; path = videoRecordingTests.xctest; sourceTree = BUILT_PRODUCTS_DIR; };
		5EA74B1B1D57789A00D4FAB0 /* videoRecordingTests.m */ = {isa = PBXFileReference; lastKnownFileType = sourcecode.c.objc; path = videoRecordingTests.m; sourceTree = "<group>"; };
		5EA74B1D1D57789A00D4FAB0 /* Info.plist */ = {isa = PBXFileReference; lastKnownFileType = text.plist.xml; path = Info.plist; sourceTree = "<group>"; };
		5EA74B221D57789A00D4FAB0 /* videoRecordingUITests.xctest */ = {isa = PBXFileReference; explicitFileType = wrapper.cfbundle; includeInIndex = 0; path = videoRecordingUITests.xctest; sourceTree = BUILT_PRODUCTS_DIR; };
		5EA74B261D57789A00D4FAB0 /* videoRecordingUITests.m */ = {isa = PBXFileReference; lastKnownFileType = sourcecode.c.objc; path = videoRecordingUITests.m; sourceTree = "<group>"; };
		5EA74B281D57789A00D4FAB0 /* Info.plist */ = {isa = PBXFileReference; lastKnownFileType = text.plist.xml; path = Info.plist; sourceTree = "<group>"; };
/* End PBXFileReference section */

/* Begin PBXFrameworksBuildPhase section */
		5EA74AFB1D57789900D4FAB0 /* Frameworks */ = {
			isa = PBXFrameworksBuildPhase;
			buildActionMask = 2147483647;
			files = (
			);
			runOnlyForDeploymentPostprocessing = 0;
		};
		5EA74B141D57789A00D4FAB0 /* Frameworks */ = {
			isa = PBXFrameworksBuildPhase;
			buildActionMask = 2147483647;
			files = (
			);
			runOnlyForDeploymentPostprocessing = 0;
		};
		5EA74B1F1D57789A00D4FAB0 /* Frameworks */ = {
			isa = PBXFrameworksBuildPhase;
			buildActionMask = 2147483647;
			files = (
			);
			runOnlyForDeploymentPostprocessing = 0;
		};
/* End PBXFrameworksBuildPhase section */

/* Begin PBXGroup section */
		5EA74AF51D57789900D4FAB0 = {
			isa = PBXGroup;
			children = (
				5EA74B001D57789A00D4FAB0 /* videoRecording */,
				5EA74B1A1D57789A00D4FAB0 /* videoRecordingTests */,
				5EA74B251D57789A00D4FAB0 /* videoRecordingUITests */,
				5EA74AFF1D57789900D4FAB0 /* Products */,
			);
			sourceTree = "<group>";
		};
		5EA74AFF1D57789900D4FAB0 /* Products */ = {
			isa = PBXGroup;
			children = (
				5EA74AFE1D57789900D4FAB0 /* videoRecording.app */,
				5EA74B171D57789A00D4FAB0 /* videoRecordingTests.xctest */,
				5EA74B221D57789A00D4FAB0 /* videoRecordingUITests.xctest */,
			);
			name = Products;
			sourceTree = "<group>";
		};
		5EA74B001D57789A00D4FAB0 /* videoRecording */ = {
			isa = PBXGroup;
			children = (
				5EA74B041D57789A00D4FAB0 /* AppDelegate.h */,
				5EA74B051D57789A00D4FAB0 /* AppDelegate.m */,
				5EA74B071D57789A00D4FAB0 /* ViewController.h */,
				5EA74B081D57789A00D4FAB0 /* ViewController.m */,
				5EA74B0A1D57789A00D4FAB0 /* Main.storyboard */,
				5EA74B0D1D57789A00D4FAB0 /* Assets.xcassets */,
				5EA74B0F1D57789A00D4FAB0 /* LaunchScreen.storyboard */,
				5EA74B121D57789A00D4FAB0 /* Info.plist */,
				5EA74B011D57789A00D4FAB0 /* Supporting Files */,
			);
			path = videoRecording;
			sourceTree = "<group>";
		};
		5EA74B011D57789A00D4FAB0 /* Supporting Files */ = {
			isa = PBXGroup;
			children = (
				5EA74B021D57789A00D4FAB0 /* main.m */,
			);
			name = "Supporting Files";
			sourceTree = "<group>";
		};
		5EA74B1A1D57789A00D4FAB0 /* videoRecordingTests */ = {
			isa = PBXGroup;
			children = (
				5EA74B1B1D57789A00D4FAB0 /* videoRecordingTests.m */,
				5EA74B1D1D57789A00D4FAB0 /* Info.plist */,
			);
			path = videoRecordingTests;
			sourceTree = "<group>";
		};
		5EA74B251D57789A00D4FAB0 /* videoRecordingUITests */ = {
			isa = PBXGroup;
			children = (
				5EA74B261D57789A00D4FAB0 /* videoRecordingUITests.m */,
				5EA74B281D57789A00D4FAB0 /* Info.plist */,
			);
			path = videoRecordingUITests;
			sourceTree = "<group>";
		};
/* End PBXGroup section */

/* Begin PBXNativeTarget section */
		5EA74AFD1D57789900D4FAB0 /* videoRecording */ = {
			isa = PBXNativeTarget;
			buildConfigurationList = 5EA74B2B1D57789A00D4FAB0 /* Build configuration list for PBXNativeTarget "videoRecording" */;
			buildPhases = (
				5EA74AFA1D57789900D4FAB0 /* Sources */,
				5EA74AFB1D57789900D4FAB0 /* Frameworks */,
				5EA74AFC1D57789900D4FAB0 /* Resources */,
			);
			buildRules = (
			);
			dependencies = (
			);
			name = videoRecording;
			productName = videoRecording;
			productReference = 5EA74AFE1D57789900D4FAB0 /* videoRecording.app */;
			productType = "com.apple.product-type.application";
		};
		5EA74B161D57789A00D4FAB0 /* videoRecordingTests */ = {
			isa = PBXNativeTarget;
			buildConfigurationList = 5EA74B2E1D57789A00D4FAB0 /* Build configuration list for PBXNativeTarget "videoRecordingTests" */;
			buildPhases = (
				5EA74B131D57789A00D4FAB0 /* Sources */,
				5EA74B141D57789A00D4FAB0 /* Frameworks */,
				5EA74B151D57789A00D4FAB0 /* Resources */,
			);
			buildRules = (
			);
			dependencies = (
				5EA74B191D57789A00D4FAB0 /* PBXTargetDependency */,
			);
			name = videoRecordingTests;
			productName = videoRecordingTests;
			productReference = 5EA74B171D57789A00D4FAB0 /* videoRecordingTests.xctest */;
			productType = "com.apple.product-type.bundle.unit-test";
		};
		5EA74B211D57789A00D4FAB0 /* videoRecordingUITests */ = {
			isa = PBXNativeTarget;
			buildConfigurationList = 5EA74B311D57789A00D4FAB0 /* Build configuration list for PBXNativeTarget "videoRecordingUITests" */;
			buildPhases = (
				5EA74B1E1D57789A00D4FAB0 /* Sources */,
				5EA74B1F1D57789A00D4FAB0 /* Frameworks */,
				5EA74B201D57789A00D4FAB0 /* Resources */,
			);
			buildRules = (
			);
			dependencies = (
				5EA74B241D57789A00D4FAB0 /* PBXTargetDependency */,
			);
			name = videoRecordingUITests;
			productName = videoRecordingUITests;
			productReference = 5EA74B221D57789A00D4FAB0 /* videoRecordingUITests.xctest */;
			productType = "com.apple.product-type.bundle.ui-testing";
		};
/* End PBXNativeTarget section */

/* Begin PBXProject section */
		5EA74AF61D57789900D4FAB0 /* Project object */ = {
			isa = PBXProject;
			attributes = {
				LastUpgradeCheck = 0730;
				ORGANIZATIONNAME = CDP;
				TargetAttributes = {
					5EA74AFD1D57789900D4FAB0 = {
						CreatedOnToolsVersion = 7.3.1;
					};
					5EA74B161D57789A00D4FAB0 = {
						CreatedOnToolsVersion = 7.3.1;
						TestTargetID = 5EA74AFD1D57789900D4FAB0;
					};
					5EA74B211D57789A00D4FAB0 = {
						CreatedOnToolsVersion = 7.3.1;
						TestTargetID = 5EA74AFD1D57789900D4FAB0;
					};
				};
			};
			buildConfigurationList = 5EA74AF91D57789900D4FAB0 /* Build configuration list for PBXProject "videoRecording" */;
			compatibilityVersion = "Xcode 3.2";
			developmentRegion = English;
			hasScannedForEncodings = 0;
			knownRegions = (
				en,
				Base,
			);
			mainGroup = 5EA74AF51D57789900D4FAB0;
			productRefGroup = 5EA74AFF1D57789900D4FAB0 /* Products */;
			projectDirPath = "";
			projectRoot = "";
			targets = (
				5EA74AFD1D57789900D4FAB0 /* videoRecording */,
				5EA74B161D57789A00D4FAB0 /* videoRecordingTests */,
				5EA74B211D57789A00D4FAB0 /* videoRecordingUITests */,
			);
		};
/* End PBXProject section */

/* Begin PBXResourcesBuildPhase section */
		5EA74AFC1D57789900D4FAB0 /* Resources */ = {
			isa = PBXResourcesBuildPhase;
			buildActionMask = 2147483647;
			files = (
				5EA74B111D57789A00D4FAB0 /* LaunchScreen.storyboard in Resources */,
				5EA74B0E1D57789A00D4FAB0 /* Assets.xcassets in Resources */,
				5EA74B0C1D57789A00D4FAB0 /* Main.storyboard in Resources */,
			);
			runOnlyForDeploymentPostprocessing = 0;
		};
		5EA74B151D57789A00D4FAB0 /* Resources */ = {
			isa = PBXResourcesBuildPhase;
			buildActionMask = 2147483647;
			files = (
			);
			runOnlyForDeploymentPostprocessing = 0;
		};
		5EA74B201D57789A00D4FAB0 /* Resources */ = {
			isa = PBXResourcesBuildPhase;
			buildActionMask = 2147483647;
			files = (
			);
			runOnlyForDeploymentPostprocessing = 0;
		};
/* End PBXResourcesBuildPhase section */

/* Begin PBXSourcesBuildPhase section */
		5EA74AFA1D57789900D4FAB0 /* Sources */ = {
			isa = PBXSourcesBuildPhase;
			buildActionMask = 2147483647;
			files = (
				5EA74B091D57789A00D4FAB0 /* ViewController.m in Sources */,
				5EA74B061D57789A00D4FAB0 /* AppDelegate.m in Sources */,
				5EA74B031D57789A00D4FAB0 /* main.m in Sources */,
			);
			runOnlyForDeploymentPostprocessing = 0;
		};
		5EA74B131D57789A00D4FAB0 /* Sources */ = {
			isa = PBXSourcesBuildPhase;
			buildActionMask = 2147483647;
			files = (
				5EA74B1C1D57789A00D4FAB0 /* videoRecordingTests.m in Sources */,
			);
			runOnlyForDeploymentPostprocessing = 0;
		};
		5EA74B1E1D57789A00D4FAB0 /* Sources */ = {
			isa = PBXSourcesBuildPhase;
			buildActionMask = 2147483647;
			files = (
				5EA74B271D57789A00D4FAB0 /* videoRecordingUITests.m in Sources */,
			);
			runOnlyForDeploymentPostprocessing = 0;
		};
/* End PBXSourcesBuildPhase section */

/* Begin PBXTargetDependency section */
		5EA74B191D57789A00D4FAB0 /* PBXTargetDependency */ = {
			isa = PBXTargetDependency;
			target = 5EA74AFD1D57789900D4FAB0 /* videoRecording */;
			targetProxy = 5EA74B181D57789A00D4FAB0 /* PBXContainerItemProxy */;
		};
		5EA74B241D57789A00D4FAB0 /* PBXTargetDependency */ = {
			isa = PBXTargetDependency;
			target = 5EA74AFD1D57789900D4FAB0 /* videoRecording */;
			targetProxy = 5EA74B231D57789A00D4FAB0 /* PBXContainerItemProxy */;
		};
/* End PBXTargetDependency section */

/* Begin PBXVariantGroup section */
		5EA74B0A1D57789A00D4FAB0 /* Main.storyboard */ = {
			isa = PBXVariantGroup;
			children = (
				5EA74B0B1D57789A00D4FAB0 /* Base */,
			);
			name = Main.storyboard;
			sourceTree = "<group>";
		};
		5EA74B0F1D57789A00D4FAB0 /* LaunchScreen.storyboard */ = {
			isa = PBXVariantGroup;
			children = (
				5EA74B101D57789A00D4FAB0 /* Base */,
			);
			name = LaunchScreen.storyboard;
			sourceTree = "<group>";
		};
/* End PBXVariantGroup section */

/* Begin XCBuildConfiguration section */
		5EA74B291D57789A00D4FAB0 /* Debug */ = {
			isa = XCBuildConfiguration;
			buildSettings = {
				ALWAYS_SEARCH_USER_PATHS = NO;
				CLANG_ANALYZER_NONNULL = YES;
				CLANG_CXX_LANGUAGE_STANDARD = "gnu++0x";
				CLANG_CXX_LIBRARY = "libc++";
				CLANG_ENABLE_MODULES = YES;
				CLANG_ENABLE_OBJC_ARC = YES;
				CLANG_WARN_BOOL_CONVERSION = YES;
				CLANG_WARN_CONSTANT_CONVERSION = YES;
				CLANG_WARN_DIRECT_OBJC_ISA_USAGE = YES_ERROR;
				CLANG_WARN_EMPTY_BODY = YES;
				CLANG_WARN_ENUM_CONVERSION = YES;
				CLANG_WARN_INT_CONVERSION = YES;
				CLANG_WARN_OBJC_ROOT_CLASS = YES_ERROR;
				CLANG_WARN_UNREACHABLE_CODE = YES;
				CLANG_WARN__DUPLICATE_METHOD_MATCH = YES;
				"CODE_SIGN_IDENTITY[sdk=iphoneos*]" = "iPhone Developer";
				COPY_PHASE_STRIP = NO;
				DEBUG_INFORMATION_FORMAT = dwarf;
				ENABLE_STRICT_OBJC_MSGSEND = YES;
				ENABLE_TESTABILITY = YES;
				GCC_C_LANGUAGE_STANDARD = gnu99;
				GCC_DYNAMIC_NO_PIC = NO;
				GCC_NO_COMMON_BLOCKS = YES;
				GCC_OPTIMIZATION_LEVEL = 0;
				GCC_PREPROCESSOR_DEFINITIONS = (
					"DEBUG=1",
					"$(inherited)",
				);
				GCC_WARN_64_TO_32_BIT_CONVERSION = YES;
				GCC_WARN_ABOUT_RETURN_TYPE = YES_ERROR;
				GCC_WARN_UNDECLARED_SELECTOR = YES;
				GCC_WARN_UNINITIALIZED_AUTOS = YES_AGGRESSIVE;
				GCC_WARN_UNUSED_FUNCTION = YES;
				GCC_WARN_UNUSED_VARIABLE = YES;
				IPHONEOS_DEPLOYMENT_TARGET = 9.3;
				MTL_ENABLE_DEBUG_INFO = YES;
				ONLY_ACTIVE_ARCH = YES;
				SDKROOT = iphoneos;
				TARGETED_DEVICE_FAMILY = "1,2";
			};
			name = Debug;
		};
		5EA74B2A1D57789A00D4FAB0 /* Release */ = {
			isa = XCBuildConfiguration;
			buildSettings = {
				ALWAYS_SEARCH_USER_PATHS = NO;
				CLANG_ANALYZER_NONNULL = YES;
				CLANG_CXX_LANGUAGE_STANDARD = "gnu++0x";
				CLANG_CXX_LIBRARY = "libc++";
				CLANG_ENABLE_MODULES = YES;
				CLANG_ENABLE_OBJC_ARC = YES;
				CLANG_WARN_BOOL_CONVERSION = YES;
				CLANG_WARN_CONSTANT_CONVERSION = YES;
				CLANG_WARN_DIRECT_OBJC_ISA_USAGE = YES_ERROR;
				CLANG_WARN_EMPTY_BODY = YES;
				CLANG_WARN_ENUM_CONVERSION = YES;
				CLANG_WARN_INT_CONVERSION = YES;
				CLANG_WARN_OBJC_ROOT_CLASS = YES_ERROR;
				CLANG_WARN_UNREACHABLE_CODE = YES;
				CLANG_WARN__DUPLICATE_METHOD_MATCH = YES;
				"CODE_SIGN_IDENTITY[sdk=iphoneos*]" = "iPhone Developer";
				COPY_PHASE_STRIP = NO;
				DEBUG_INFORMATION_FORMAT = "dwarf-with-dsym";
				ENABLE_NS_ASSERTIONS = NO;
				ENABLE_STRICT_OBJC_MSGSEND = YES;
				GCC_C_LANGUAGE_STANDARD = gnu99;
				GCC_NO_COMMON_BLOCKS = YES;
				GCC_WARN_64_TO_32_BIT_CONVERSION = YES;
				GCC_WARN_ABOUT_RETURN_TYPE = YES_ERROR;
				GCC_WARN_UNDECLARED_SELECTOR = YES;
				GCC_WARN_UNINITIALIZED_AUTOS = YES_AGGRESSIVE;
				GCC_WARN_UNUSED_FUNCTION = YES;
				GCC_WARN_UNUSED_VARIABLE = YES;
				IPHONEOS_DEPLOYMENT_TARGET = 9.3;
				MTL_ENABLE_DEBUG_INFO = NO;
				SDKROOT = iphoneos;
				TARGETED_DEVICE_FAMILY = "1,2";
				VALIDATE_PRODUCT = YES;
			};
			name = Release;
		};
		5EA74B2C1D57789A00D4FAB0 /* Debug */ = {
			isa = XCBuildConfiguration;
			buildSettings = {
				ASSETCATALOG_COMPILER_APPICON_NAME = AppIcon;
				INFOPLIST_FILE = videoRecording/Info.plist;
				LD_RUNPATH_SEARCH_PATHS = "$(inherited) @executable_path/Frameworks";
				PRODUCT_BUNDLE_IDENTIFIER = CDP.videoRecording;
				PRODUCT_NAME = "$(TARGET_NAME)";
			};
			name = Debug;
		};
		5EA74B2D1D57789A00D4FAB0 /* Release */ = {
			isa = XCBuildConfiguration;
			buildSettings = {
				ASSETCATALOG_COMPILER_APPICON_NAME = AppIcon;
				INFOPLIST_FILE = videoRecording/Info.plist;
				LD_RUNPATH_SEARCH_PATHS = "$(inherited) @executable_path/Frameworks";
				PRODUCT_BUNDLE_IDENTIFIER = CDP.videoRecording;
				PRODUCT_NAME = "$(TARGET_NAME)";
			};
			name = Release;
		};
		5EA74B2F1D57789A00D4FAB0 /* Debug */ = {
			isa = XCBuildConfiguration;
			buildSettings = {
				BUNDLE_LOADER = "$(TEST_HOST)";
				INFOPLIST_FILE = videoRecordingTests/Info.plist;
				LD_RUNPATH_SEARCH_PATHS = "$(inherited) @executable_path/Frameworks @loader_path/Frameworks";
				PRODUCT_BUNDLE_IDENTIFIER = CDP.videoRecordingTests;
				PRODUCT_NAME = "$(TARGET_NAME)";
				TEST_HOST = "$(BUILT_PRODUCTS_DIR)/videoRecording.app/videoRecording";
			};
			name = Debug;
		};
		5EA74B301D57789A00D4FAB0 /* Release */ = {
			isa = XCBuildConfiguration;
			buildSettings = {
				BUNDLE_LOADER = "$(TEST_HOST)";
				INFOPLIST_FILE = videoRecordingTests/Info.plist;
				LD_RUNPATH_SEARCH_PATHS = "$(inherited) @executable_path/Frameworks @loader_path/Frameworks";
				PRODUCT_BUNDLE_IDENTIFIER = CDP.videoRecordingTests;
				PRODUCT_NAME = "$(TARGET_NAME)";
				TEST_HOST = "$(BUILT_PRODUCTS_DIR)/videoRecording.app/videoRecording";
			};
			name = Release;
		};
		5EA74B321D57789A00D4FAB0 /* Debug */ = {
			isa = XCBuildConfiguration;
			buildSettings = {
				INFOPLIST_FILE = videoRecordingUITests/Info.plist;
				LD_RUNPATH_SEARCH_PATHS = "$(inherited) @executable_path/Frameworks @loader_path/Frameworks";
				PRODUCT_BUNDLE_IDENTIFIER = CDP.videoRecordingUITests;
				PRODUCT_NAME = "$(TARGET_NAME)";
				TEST_TARGET_NAME = videoRecording;
			};
			name = Debug;
		};
		5EA74B331D57789A00D4FAB0 /* Release */ = {
			isa = XCBuildConfiguration;
			buildSettings = {
				INFOPLIST_FILE = videoRecordingUITests/Info.plist;
				LD_RUNPATH_SEARCH_PATHS = "$(inherited) @executable_path/Frameworks @loader_path/Frameworks";
				PRODUCT_BUNDLE_IDENTIFIER = CDP.videoRecordingUITests;
				PRODUCT_NAME = "$(TARGET_NAME)";
				TEST_TARGET_NAME = videoRecording;
			};
			name = Release;
		};
/* End XCBuildConfiguration section */

/* Begin XCConfigurationList section */
		5EA74AF91D57789900D4FAB0 /* Build configuration list for PBXProject "videoRecording" */ = {
			isa = XCConfigurationList;
			buildConfigurations = (
				5EA74B291D57789A00D4FAB0 /* Debug */,
				5EA74B2A1D57789A00D4FAB0 /* Release */,
			);
			defaultConfigurationIsVisible = 0;
			defaultConfigurationName = Release;
		};
		5EA74B2B1D57789A00D4FAB0 /* Build configuration list for PBXNativeTarget "videoRecording" */ = {
			isa = XCConfigurationList;
			buildConfigurations = (
				5EA74B2C1D57789A00D4FAB0 /* Debug */,
				5EA74B2D1D57789A00D4FAB0 /* Release */,
			);
			defaultConfigurationIsVisible = 0;
		};
		5EA74B2E1D57789A00D4FAB0 /* Build configuration list for PBXNativeTarget "videoRecordingTests" */ = {
			isa = XCConfigurationList;
			buildConfigurations = (
				5EA74B2F1D57789A00D4FAB0 /* Debug */,
				5EA74B301D57789A00D4FAB0 /* Release */,
			);
			defaultConfigurationIsVisible = 0;
		};
		5EA74B311D57789A00D4FAB0 /* Build configuration list for PBXNativeTarget "videoRecordingUITests" */ = {
			isa = XCConfigurationList;
			buildConfigurations = (
				5EA74B321D57789A00D4FAB0 /* Debug */,
				5EA74B331D57789A00D4FAB0 /* Release */,
			);
			defaultConfigurationIsVisible = 0;
		};
/* End XCConfigurationList section */
	};
	rootObject = 5EA74AF61D57789900D4FAB0 /* Project object */;
}
